// !$*UTF8*$!
{
	archiveVersion = 1;
	classes = {
	};
	objectVersion = 55;
	objects = {

/* Begin PBXBuildFile section */
		A688EC72268EF55100128FDF /* AppDelegate.swift in Sources */ = {isa = PBXBuildFile; fileRef = A688EC71268EF55100128FDF /* AppDelegate.swift */; };
		A688EC74268EF55100128FDF /* SceneDelegate.swift in Sources */ = {isa = PBXBuildFile; fileRef = A688EC73268EF55100128FDF /* SceneDelegate.swift */; };
		A688EC77268EF55100128FDF /* LaunchScreen.storyboard in Resources */ = {isa = PBXBuildFile; fileRef = A688EC75268EF55100128FDF /* LaunchScreen.storyboard */; };
		A688EC7A268EF55100128FDF /* Main.storyboard in Resources */ = {isa = PBXBuildFile; fileRef = A688EC78268EF55100128FDF /* Main.storyboard */; };
		A688EC83268EF55100128FDF /* AppDelegate.swift in Sources */ = {isa = PBXBuildFile; fileRef = A688EC82268EF55100128FDF /* AppDelegate.swift */; };
		A688EC86268EF55100128FDF /* Main.storyboard in Resources */ = {isa = PBXBuildFile; fileRef = A688EC84268EF55100128FDF /* Main.storyboard */; };
		A688EC8E268EF55100128FDF /* Coil Extension.appex in Embed App Extensions */ = {isa = PBXBuildFile; fileRef = A688EC8D268EF55100128FDF /* Coil Extension.appex */; settings = {ATTRIBUTES = (RemoveHeadersOnCopy, ); }; };
		A688EC98268EF55100128FDF /* Coil Extension.appex in Embed App Extensions */ = {isa = PBXBuildFile; fileRef = A688EC97268EF55100128FDF /* Coil Extension.appex */; settings = {ATTRIBUTES = (RemoveHeadersOnCopy, ); }; };
		A688EC9D268EF55100128FDF /* Main.html in Resources */ = {isa = PBXBuildFile; fileRef = A688EC61268EF55000128FDF /* Main.html */; };
		A688EC9E268EF55100128FDF /* Main.html in Resources */ = {isa = PBXBuildFile; fileRef = A688EC61268EF55000128FDF /* Main.html */; };
		A688EC9F268EF55100128FDF /* Icon.png in Resources */ = {isa = PBXBuildFile; fileRef = A688EC63268EF55000128FDF /* Icon.png */; };
		A688ECA0268EF55100128FDF /* Icon.png in Resources */ = {isa = PBXBuildFile; fileRef = A688EC63268EF55000128FDF /* Icon.png */; };
		A688ECA1268EF55100128FDF /* Style.css in Resources */ = {isa = PBXBuildFile; fileRef = A688EC64268EF55000128FDF /* Style.css */; };
		A688ECA2268EF55100128FDF /* Style.css in Resources */ = {isa = PBXBuildFile; fileRef = A688EC64268EF55000128FDF /* Style.css */; };
		A688ECA3268EF55100128FDF /* Script.js in Resources */ = {isa = PBXBuildFile; fileRef = A688EC65268EF55000128FDF /* Script.js */; };
		A688ECA4268EF55100128FDF /* Script.js in Resources */ = {isa = PBXBuildFile; fileRef = A688EC65268EF55000128FDF /* Script.js */; };
		A688ECA5268EF55100128FDF /* ViewController.swift in Sources */ = {isa = PBXBuildFile; fileRef = A688EC66268EF55000128FDF /* ViewController.swift */; };
		A688ECA6268EF55100128FDF /* ViewController.swift in Sources */ = {isa = PBXBuildFile; fileRef = A688EC66268EF55000128FDF /* ViewController.swift */; };
		A688ECA7268EF55100128FDF /* Assets.xcassets in Resources */ = {isa = PBXBuildFile; fileRef = A688EC67268EF55100128FDF /* Assets.xcassets */; };
		A688ECA8268EF55100128FDF /* Assets.xcassets in Resources */ = {isa = PBXBuildFile; fileRef = A688EC67268EF55100128FDF /* Assets.xcassets */; };
		A688ECA9268EF55100128FDF /* SafariWebExtensionHandler.swift in Sources */ = {isa = PBXBuildFile; fileRef = A688EC69268EF55100128FDF /* SafariWebExtensionHandler.swift */; };
		A688ECAA268EF55100128FDF /* SafariWebExtensionHandler.swift in Sources */ = {isa = PBXBuildFile; fileRef = A688EC69268EF55100128FDF /* SafariWebExtensionHandler.swift */; };
		A688ECC4268EF55100128FDF /* res in Resources */ = {isa = PBXBuildFile; fileRef = A688ECBC268EF55100128FDF /* res */; };
		A688ECC5268EF55100128FDF /* popup.js in Resources */ = {isa = PBXBuildFile; fileRef = A688ECBD268EF55100128FDF /* popup.js */; };
		A688ECC6268EF55100128FDF /* background.js in Resources */ = {isa = PBXBuildFile; fileRef = A688ECBE268EF55100128FDF /* background.js */; };
		A688ECC7268EF55100128FDF /* options.js in Resources */ = {isa = PBXBuildFile; fileRef = A688ECBF268EF55100128FDF /* options.js */; };
		A688ECC8268EF55100128FDF /* hot-reload.js in Resources */ = {isa = PBXBuildFile; fileRef = A688ECC0268EF55100128FDF /* hot-reload.js */; };
		A688ECC9268EF55100128FDF /* static in Resources */ = {isa = PBXBuildFile; fileRef = A688ECC1268EF55100128FDF /* static */; };
		A688ECCA268EF55100128FDF /* manifest.json in Resources */ = {isa = PBXBuildFile; fileRef = A688ECC2268EF55100128FDF /* manifest.json */; };
		A688ECCB268EF55100128FDF /* content.js in Resources */ = {isa = PBXBuildFile; fileRef = A688ECC3268EF55100128FDF /* content.js */; };
		A688ECCC268EF55100128FDF /* res in Resources */ = {isa = PBXBuildFile; fileRef = A688ECBC268EF55100128FDF /* res */; };
		A688ECCD268EF55100128FDF /* popup.js in Resources */ = {isa = PBXBuildFile; fileRef = A688ECBD268EF55100128FDF /* popup.js */; };
		A688ECCE268EF55100128FDF /* background.js in Resources */ = {isa = PBXBuildFile; fileRef = A688ECBE268EF55100128FDF /* background.js */; };
		A688ECCF268EF55100128FDF /* options.js in Resources */ = {isa = PBXBuildFile; fileRef = A688ECBF268EF55100128FDF /* options.js */; };
		A688ECD0268EF55100128FDF /* hot-reload.js in Resources */ = {isa = PBXBuildFile; fileRef = A688ECC0268EF55100128FDF /* hot-reload.js */; };
		A688ECD1268EF55100128FDF /* static in Resources */ = {isa = PBXBuildFile; fileRef = A688ECC1268EF55100128FDF /* static */; };
		A688ECD2268EF55100128FDF /* manifest.json in Resources */ = {isa = PBXBuildFile; fileRef = A688ECC2268EF55100128FDF /* manifest.json */; };
		A688ECD3268EF55100128FDF /* content.js in Resources */ = {isa = PBXBuildFile; fileRef = A688ECC3268EF55100128FDF /* content.js */; };
		BC66005528698C760076CDF7 /* backgroundMV3.js in Resources */ = {isa = PBXBuildFile; fileRef = BC66005428698C760076CDF7 /* backgroundMV3.js */; };
		BC66005628698C760076CDF7 /* backgroundMV3.js in Resources */ = {isa = PBXBuildFile; fileRef = BC66005428698C760076CDF7 /* backgroundMV3.js */; };
/* End PBXBuildFile section */

/* Begin PBXContainerItemProxy section */
		A688EC8F268EF55100128FDF /* PBXContainerItemProxy */ = {
			isa = PBXContainerItemProxy;
			containerPortal = A688EC5B268EF55000128FDF /* Project object */;
			proxyType = 1;
			remoteGlobalIDString = A688EC8C268EF55100128FDF;
			remoteInfo = "Coil Extension (iOS)";
		};
		A688EC99268EF55100128FDF /* PBXContainerItemProxy */ = {
			isa = PBXContainerItemProxy;
			containerPortal = A688EC5B268EF55000128FDF /* Project object */;
			proxyType = 1;
			remoteGlobalIDString = A688EC96268EF55100128FDF;
			remoteInfo = "Coil Extension (macOS)";
		};
/* End PBXContainerItemProxy section */

/* Begin PBXCopyFilesBuildPhase section */
		A688ECB0268EF55100128FDF /* Embed App Extensions */ = {
			isa = PBXCopyFilesBuildPhase;
			buildActionMask = 2147483647;
			dstPath = "";
			dstSubfolderSpec = 13;
			files = (
				A688EC8E268EF55100128FDF /* Coil Extension.appex in Embed App Extensions */,
			);
			name = "Embed App Extensions";
			runOnlyForDeploymentPostprocessing = 0;
		};
		A688ECB7268EF55100128FDF /* Embed App Extensions */ = {
			isa = PBXCopyFilesBuildPhase;
			buildActionMask = 2147483647;
			dstPath = "";
			dstSubfolderSpec = 13;
			files = (
				A688EC98268EF55100128FDF /* Coil Extension.appex in Embed App Extensions */,
			);
			name = "Embed App Extensions";
			runOnlyForDeploymentPostprocessing = 0;
		};
/* End PBXCopyFilesBuildPhase section */

/* Begin PBXFileReference section */
		A688EC62268EF55000128FDF /* Base */ = {isa = PBXFileReference; lastKnownFileType = text.html; name = Base; path = ../Base.lproj/Main.html; sourceTree = "<group>"; };
		A688EC63268EF55000128FDF /* Icon.png */ = {isa = PBXFileReference; lastKnownFileType = image.png; path = Icon.png; sourceTree = "<group>"; };
		A688EC64268EF55000128FDF /* Style.css */ = {isa = PBXFileReference; lastKnownFileType = text.css; path = Style.css; sourceTree = "<group>"; };
		A688EC65268EF55000128FDF /* Script.js */ = {isa = PBXFileReference; lastKnownFileType = sourcecode.javascript; path = Script.js; sourceTree = "<group>"; };
		A688EC66268EF55000128FDF /* ViewController.swift */ = {isa = PBXFileReference; lastKnownFileType = sourcecode.swift; path = ViewController.swift; sourceTree = "<group>"; };
		A688EC67268EF55100128FDF /* Assets.xcassets */ = {isa = PBXFileReference; lastKnownFileType = folder.assetcatalog; path = Assets.xcassets; sourceTree = "<group>"; };
		A688EC69268EF55100128FDF /* SafariWebExtensionHandler.swift */ = {isa = PBXFileReference; lastKnownFileType = sourcecode.swift; path = SafariWebExtensionHandler.swift; sourceTree = "<group>"; };
		A688EC6E268EF55100128FDF /* Coil.app */ = {isa = PBXFileReference; explicitFileType = wrapper.application; includeInIndex = 0; path = Coil.app; sourceTree = BUILT_PRODUCTS_DIR; };
		A688EC71268EF55100128FDF /* AppDelegate.swift */ = {isa = PBXFileReference; lastKnownFileType = sourcecode.swift; path = AppDelegate.swift; sourceTree = "<group>"; };
		A688EC73268EF55100128FDF /* SceneDelegate.swift */ = {isa = PBXFileReference; lastKnownFileType = sourcecode.swift; path = SceneDelegate.swift; sourceTree = "<group>"; };
		A688EC76268EF55100128FDF /* Base */ = {isa = PBXFileReference; lastKnownFileType = file.storyboard; name = Base; path = Base.lproj/LaunchScreen.storyboard; sourceTree = "<group>"; };
		A688EC79268EF55100128FDF /* Base */ = {isa = PBXFileReference; lastKnownFileType = file.storyboard; name = Base; path = Base.lproj/Main.storyboard; sourceTree = "<group>"; };
		A688EC7B268EF55100128FDF /* Info.plist */ = {isa = PBXFileReference; lastKnownFileType = text.plist.xml; path = Info.plist; sourceTree = "<group>"; };
		A688EC80268EF55100128FDF /* Coil.app */ = {isa = PBXFileReference; explicitFileType = wrapper.application; includeInIndex = 0; path = Coil.app; sourceTree = BUILT_PRODUCTS_DIR; };
		A688EC82268EF55100128FDF /* AppDelegate.swift */ = {isa = PBXFileReference; lastKnownFileType = sourcecode.swift; path = AppDelegate.swift; sourceTree = "<group>"; };
		A688EC85268EF55100128FDF /* Base */ = {isa = PBXFileReference; lastKnownFileType = file.storyboard; name = Base; path = Base.lproj/Main.storyboard; sourceTree = "<group>"; };
		A688EC87268EF55100128FDF /* Info.plist */ = {isa = PBXFileReference; lastKnownFileType = text.plist.xml; path = Info.plist; sourceTree = "<group>"; };
		A688EC88268EF55100128FDF /* Coil.entitlements */ = {isa = PBXFileReference; lastKnownFileType = text.plist.entitlements; path = Coil.entitlements; sourceTree = "<group>"; };
		A688EC8D268EF55100128FDF /* Coil Extension.appex */ = {isa = PBXFileReference; explicitFileType = "wrapper.app-extension"; includeInIndex = 0; path = "Coil Extension.appex"; sourceTree = BUILT_PRODUCTS_DIR; };
		A688EC92268EF55100128FDF /* Info.plist */ = {isa = PBXFileReference; lastKnownFileType = text.plist.xml; path = Info.plist; sourceTree = "<group>"; };
		A688EC97268EF55100128FDF /* Coil Extension.appex */ = {isa = PBXFileReference; explicitFileType = "wrapper.app-extension"; includeInIndex = 0; path = "Coil Extension.appex"; sourceTree = BUILT_PRODUCTS_DIR; };
		A688EC9C268EF55100128FDF /* Info.plist */ = {isa = PBXFileReference; lastKnownFileType = text.plist.xml; path = Info.plist; sourceTree = "<group>"; };
		A688ECBC268EF55100128FDF /* res */ = {isa = PBXFileReference; lastKnownFileType = folder; name = res; path = ../../../dist/res; sourceTree = "<group>"; };
		A688ECBD268EF55100128FDF /* popup.js */ = {isa = PBXFileReference; lastKnownFileType = sourcecode.javascript; name = popup.js; path = ../../../dist/popup.js; sourceTree = "<group>"; };
		A688ECBE268EF55100128FDF /* background.js */ = {isa = PBXFileReference; lastKnownFileType = sourcecode.javascript; name = background.js; path = ../../../dist/background.js; sourceTree = "<group>"; };
		A688ECBF268EF55100128FDF /* options.js */ = {isa = PBXFileReference; lastKnownFileType = sourcecode.javascript; name = options.js; path = ../../../dist/options.js; sourceTree = "<group>"; };
		A688ECC0268EF55100128FDF /* hot-reload.js */ = {isa = PBXFileReference; lastKnownFileType = sourcecode.javascript; name = "hot-reload.js"; path = "../../../dist/hot-reload.js"; sourceTree = "<group>"; };
		A688ECC1268EF55100128FDF /* static */ = {isa = PBXFileReference; lastKnownFileType = folder; name = static; path = ../../../dist/static; sourceTree = "<group>"; };
		A688ECC2268EF55100128FDF /* manifest.json */ = {isa = PBXFileReference; lastKnownFileType = text.json; name = manifest.json; path = ../../../dist/manifest.json; sourceTree = "<group>"; };
		A688ECC3268EF55100128FDF /* content.js */ = {isa = PBXFileReference; lastKnownFileType = sourcecode.javascript; name = content.js; path = ../../../dist/content.js; sourceTree = "<group>"; };
		BC66005428698C760076CDF7 /* backgroundMV3.js */ = {isa = PBXFileReference; fileEncoding = 4; lastKnownFileType = sourcecode.javascript; name = backgroundMV3.js; path = ../../../dist/backgroundMV3.js; sourceTree = "<group>"; };
/* End PBXFileReference section */

/* Begin PBXFrameworksBuildPhase section */
		A688EC6B268EF55100128FDF /* Frameworks */ = {
			isa = PBXFrameworksBuildPhase;
			buildActionMask = 2147483647;
			files = (
			);
			runOnlyForDeploymentPostprocessing = 0;
		};
		A688EC7D268EF55100128FDF /* Frameworks */ = {
			isa = PBXFrameworksBuildPhase;
			buildActionMask = 2147483647;
			files = (
			);
			runOnlyForDeploymentPostprocessing = 0;
		};
		A688EC8A268EF55100128FDF /* Frameworks */ = {
			isa = PBXFrameworksBuildPhase;
			buildActionMask = 2147483647;
			files = (
			);
			runOnlyForDeploymentPostprocessing = 0;
		};
		A688EC94268EF55100128FDF /* Frameworks */ = {
			isa = PBXFrameworksBuildPhase;
			buildActionMask = 2147483647;
			files = (
			);
			runOnlyForDeploymentPostprocessing = 0;
		};
/* End PBXFrameworksBuildPhase section */

/* Begin PBXGroup section */
		A688EC5A268EF55000128FDF = {
			isa = PBXGroup;
			children = (
				A688EC5F268EF55000128FDF /* Shared (App) */,
				A688EC68268EF55100128FDF /* Shared (Extension) */,
				A688EC70268EF55100128FDF /* iOS (App) */,
				A688EC81268EF55100128FDF /* macOS (App) */,
				A688EC91268EF55100128FDF /* iOS (Extension) */,
				A688EC9B268EF55100128FDF /* macOS (Extension) */,
				A688EC6F268EF55100128FDF /* Products */,
			);
			sourceTree = "<group>";
		};
		A688EC5F268EF55000128FDF /* Shared (App) */ = {
			isa = PBXGroup;
			children = (
				A688EC66268EF55000128FDF /* ViewController.swift */,
				A688EC67268EF55100128FDF /* Assets.xcassets */,
				A688EC60268EF55000128FDF /* Resources */,
			);
			path = "Shared (App)";
			sourceTree = "<group>";
		};
		A688EC60268EF55000128FDF /* Resources */ = {
			isa = PBXGroup;
			children = (
				A688EC61268EF55000128FDF /* Main.html */,
				A688EC63268EF55000128FDF /* Icon.png */,
				A688EC64268EF55000128FDF /* Style.css */,
				A688EC65268EF55000128FDF /* Script.js */,
			);
			path = Resources;
			sourceTree = "<group>";
		};
		A688EC68268EF55100128FDF /* Shared (Extension) */ = {
			isa = PBXGroup;
			children = (
				A688ECBB268EF55100128FDF /* Resources */,
				A688EC69268EF55100128FDF /* SafariWebExtensionHandler.swift */,
			);
			path = "Shared (Extension)";
			sourceTree = "<group>";
		};
		A688EC6F268EF55100128FDF /* Products */ = {
			isa = PBXGroup;
			children = (
				A688EC6E268EF55100128FDF /* Coil.app */,
				A688EC80268EF55100128FDF /* Coil.app */,
				A688EC8D268EF55100128FDF /* Coil Extension.appex */,
				A688EC97268EF55100128FDF /* Coil Extension.appex */,
			);
			name = Products;
			sourceTree = "<group>";
		};
		A688EC70268EF55100128FDF /* iOS (App) */ = {
			isa = PBXGroup;
			children = (
				A688EC71268EF55100128FDF /* AppDelegate.swift */,
				A688EC73268EF55100128FDF /* SceneDelegate.swift */,
				A688EC75268EF55100128FDF /* LaunchScreen.storyboard */,
				A688EC78268EF55100128FDF /* Main.storyboard */,
				A688EC7B268EF55100128FDF /* Info.plist */,
			);
			path = "iOS (App)";
			sourceTree = "<group>";
		};
		A688EC81268EF55100128FDF /* macOS (App) */ = {
			isa = PBXGroup;
			children = (
				A688EC82268EF55100128FDF /* AppDelegate.swift */,
				A688EC84268EF55100128FDF /* Main.storyboard */,
				A688EC87268EF55100128FDF /* Info.plist */,
				A688EC88268EF55100128FDF /* Coil.entitlements */,
			);
			path = "macOS (App)";
			sourceTree = "<group>";
		};
		A688EC91268EF55100128FDF /* iOS (Extension) */ = {
			isa = PBXGroup;
			children = (
				A688EC92268EF55100128FDF /* Info.plist */,
			);
			path = "iOS (Extension)";
			sourceTree = "<group>";
		};
		A688EC9B268EF55100128FDF /* macOS (Extension) */ = {
			isa = PBXGroup;
			children = (
				A688EC9C268EF55100128FDF /* Info.plist */,
			);
			path = "macOS (Extension)";
			sourceTree = "<group>";
		};
		A688ECBB268EF55100128FDF /* Resources */ = {
			isa = PBXGroup;
			children = (
				A688ECBC268EF55100128FDF /* res */,
				A688ECBD268EF55100128FDF /* popup.js */,
				BC66005428698C760076CDF7 /* backgroundMV3.js */,
				A688ECBE268EF55100128FDF /* background.js */,
				A688ECBF268EF55100128FDF /* options.js */,
				A688ECC0268EF55100128FDF /* hot-reload.js */,
				A688ECC1268EF55100128FDF /* static */,
				A688ECC2268EF55100128FDF /* manifest.json */,
				A688ECC3268EF55100128FDF /* content.js */,
			);
			name = Resources;
			path = "Shared (Extension)";
			sourceTree = SOURCE_ROOT;
		};
/* End PBXGroup section */

/* Begin PBXNativeTarget section */
		A688EC6D268EF55100128FDF /* Coil (iOS) */ = {
			isa = PBXNativeTarget;
			buildConfigurationList = A688ECB1268EF55100128FDF /* Build configuration list for PBXNativeTarget "Coil (iOS)" */;
			buildPhases = (
				A688EC6A268EF55100128FDF /* Sources */,
				A688EC6B268EF55100128FDF /* Frameworks */,
				A688EC6C268EF55100128FDF /* Resources */,
				A688ECB0268EF55100128FDF /* Embed App Extensions */,
			);
			buildRules = (
			);
			dependencies = (
				A688EC90268EF55100128FDF /* PBXTargetDependency */,
			);
			name = "Coil (iOS)";
			productName = "Coil (iOS)";
			productReference = A688EC6E268EF55100128FDF /* Coil.app */;
			productType = "com.apple.product-type.application";
		};
		A688EC7F268EF55100128FDF /* Coil (macOS) */ = {
			isa = PBXNativeTarget;
			buildConfigurationList = A688ECB8268EF55100128FDF /* Build configuration list for PBXNativeTarget "Coil (macOS)" */;
			buildPhases = (
				A688EC7C268EF55100128FDF /* Sources */,
				A688EC7D268EF55100128FDF /* Frameworks */,
				A688EC7E268EF55100128FDF /* Resources */,
				A688ECB7268EF55100128FDF /* Embed App Extensions */,
			);
			buildRules = (
			);
			dependencies = (
				A688EC9A268EF55100128FDF /* PBXTargetDependency */,
			);
			name = "Coil (macOS)";
			productName = "Coil (macOS)";
			productReference = A688EC80268EF55100128FDF /* Coil.app */;
			productType = "com.apple.product-type.application";
		};
		A688EC8C268EF55100128FDF /* Coil Extension (iOS) */ = {
			isa = PBXNativeTarget;
			buildConfigurationList = A688ECAD268EF55100128FDF /* Build configuration list for PBXNativeTarget "Coil Extension (iOS)" */;
			buildPhases = (
				A688EC89268EF55100128FDF /* Sources */,
				A688EC8A268EF55100128FDF /* Frameworks */,
				A688EC8B268EF55100128FDF /* Resources */,
			);
			buildRules = (
			);
			dependencies = (
			);
			name = "Coil Extension (iOS)";
			productName = "Coil Extension (iOS)";
			productReference = A688EC8D268EF55100128FDF /* Coil Extension.appex */;
			productType = "com.apple.product-type.app-extension";
		};
		A688EC96268EF55100128FDF /* Coil Extension (macOS) */ = {
			isa = PBXNativeTarget;
			buildConfigurationList = A688ECB4268EF55100128FDF /* Build configuration list for PBXNativeTarget "Coil Extension (macOS)" */;
			buildPhases = (
				A688EC93268EF55100128FDF /* Sources */,
				A688EC94268EF55100128FDF /* Frameworks */,
				A688EC95268EF55100128FDF /* Resources */,
			);
			buildRules = (
			);
			dependencies = (
			);
			name = "Coil Extension (macOS)";
			productName = "Coil Extension (macOS)";
			productReference = A688EC97268EF55100128FDF /* Coil Extension.appex */;
			productType = "com.apple.product-type.app-extension";
		};
/* End PBXNativeTarget section */

/* Begin PBXProject section */
		A688EC5B268EF55000128FDF /* Project object */ = {
			isa = PBXProject;
			attributes = {
				BuildIndependentTargetsInParallel = 1;
				LastSwiftUpdateCheck = 1300;
				LastUpgradeCheck = 1340;
				TargetAttributes = {
					A688EC6D268EF55100128FDF = {
						CreatedOnToolsVersion = 13.0;
					};
					A688EC7F268EF55100128FDF = {
						CreatedOnToolsVersion = 13.0;
					};
					A688EC8C268EF55100128FDF = {
						CreatedOnToolsVersion = 13.0;
					};
					A688EC96268EF55100128FDF = {
						CreatedOnToolsVersion = 13.0;
					};
				};
			};
			buildConfigurationList = A688EC5E268EF55000128FDF /* Build configuration list for PBXProject "Coil" */;
			compatibilityVersion = "Xcode 13.0";
			developmentRegion = en;
			hasScannedForEncodings = 0;
			knownRegions = (
				en,
				Base,
			);
			mainGroup = A688EC5A268EF55000128FDF;
			productRefGroup = A688EC6F268EF55100128FDF /* Products */;
			projectDirPath = "";
			projectRoot = "";
			targets = (
				A688EC6D268EF55100128FDF /* Coil (iOS) */,
				A688EC7F268EF55100128FDF /* Coil (macOS) */,
				A688EC8C268EF55100128FDF /* Coil Extension (iOS) */,
				A688EC96268EF55100128FDF /* Coil Extension (macOS) */,
			);
		};
/* End PBXProject section */

/* Begin PBXResourcesBuildPhase section */
		A688EC6C268EF55100128FDF /* Resources */ = {
			isa = PBXResourcesBuildPhase;
			buildActionMask = 2147483647;
			files = (
				A688EC9F268EF55100128FDF /* Icon.png in Resources */,
				A688EC77268EF55100128FDF /* LaunchScreen.storyboard in Resources */,
				A688EC9D268EF55100128FDF /* Main.html in Resources */,
				A688ECA3268EF55100128FDF /* Script.js in Resources */,
				A688ECA7268EF55100128FDF /* Assets.xcassets in Resources */,
				A688EC7A268EF55100128FDF /* Main.storyboard in Resources */,
				A688ECA1268EF55100128FDF /* Style.css in Resources */,
			);
			runOnlyForDeploymentPostprocessing = 0;
		};
		A688EC7E268EF55100128FDF /* Resources */ = {
			isa = PBXResourcesBuildPhase;
			buildActionMask = 2147483647;
			files = (
				A688ECA0268EF55100128FDF /* Icon.png in Resources */,
				A688ECA2268EF55100128FDF /* Style.css in Resources */,
				A688EC86268EF55100128FDF /* Main.storyboard in Resources */,
				A688ECA4268EF55100128FDF /* Script.js in Resources */,
				A688ECA8268EF55100128FDF /* Assets.xcassets in Resources */,
				A688EC9E268EF55100128FDF /* Main.html in Resources */,
			);
			runOnlyForDeploymentPostprocessing = 0;
		};
		A688EC8B268EF55100128FDF /* Resources */ = {
			isa = PBXResourcesBuildPhase;
			buildActionMask = 2147483647;
			files = (
				A688ECD3268EF55100128FDF /* content.js in Resources */,
				A688ECCC268EF55100128FDF /* res in Resources */,
				BC66005528698C760076CDF7 /* backgroundMV3.js in Resources */,
				A688ECD2268EF55100128FDF /* manifest.json in Resources */,
				A688ECCF268EF55100128FDF /* options.js in Resources */,
				A688ECD0268EF55100128FDF /* hot-reload.js in Resources */,
				A688ECCE268EF55100128FDF /* background.js in Resources */,
				A688ECD1268EF55100128FDF /* static in Resources */,
				A688ECCD268EF55100128FDF /* popup.js in Resources */,
			);
			runOnlyForDeploymentPostprocessing = 0;
		};
		A688EC95268EF55100128FDF /* Resources */ = {
			isa = PBXResourcesBuildPhase;
			buildActionMask = 2147483647;
			files = (
				A688ECCB268EF55100128FDF /* content.js in Resources */,
				A688ECC4268EF55100128FDF /* res in Resources */,
				BC66005628698C760076CDF7 /* backgroundMV3.js in Resources */,
				A688ECCA268EF55100128FDF /* manifest.json in Resources */,
				A688ECC7268EF55100128FDF /* options.js in Resources */,
				A688ECC8268EF55100128FDF /* hot-reload.js in Resources */,
				A688ECC6268EF55100128FDF /* background.js in Resources */,
				A688ECC9268EF55100128FDF /* static in Resources */,
				A688ECC5268EF55100128FDF /* popup.js in Resources */,
			);
			runOnlyForDeploymentPostprocessing = 0;
		};
/* End PBXResourcesBuildPhase section */

/* Begin PBXSourcesBuildPhase section */
		A688EC6A268EF55100128FDF /* Sources */ = {
			isa = PBXSourcesBuildPhase;
			buildActionMask = 2147483647;
			files = (
				A688ECA5268EF55100128FDF /* ViewController.swift in Sources */,
				A688EC72268EF55100128FDF /* AppDelegate.swift in Sources */,
				A688EC74268EF55100128FDF /* SceneDelegate.swift in Sources */,
			);
			runOnlyForDeploymentPostprocessing = 0;
		};
		A688EC7C268EF55100128FDF /* Sources */ = {
			isa = PBXSourcesBuildPhase;
			buildActionMask = 2147483647;
			files = (
				A688ECA6268EF55100128FDF /* ViewController.swift in Sources */,
				A688EC83268EF55100128FDF /* AppDelegate.swift in Sources */,
			);
			runOnlyForDeploymentPostprocessing = 0;
		};
		A688EC89268EF55100128FDF /* Sources */ = {
			isa = PBXSourcesBuildPhase;
			buildActionMask = 2147483647;
			files = (
				A688ECA9268EF55100128FDF /* SafariWebExtensionHandler.swift in Sources */,
			);
			runOnlyForDeploymentPostprocessing = 0;
		};
		A688EC93268EF55100128FDF /* Sources */ = {
			isa = PBXSourcesBuildPhase;
			buildActionMask = 2147483647;
			files = (
				A688ECAA268EF55100128FDF /* SafariWebExtensionHandler.swift in Sources */,
			);
			runOnlyForDeploymentPostprocessing = 0;
		};
/* End PBXSourcesBuildPhase section */

/* Begin PBXTargetDependency section */
		A688EC90268EF55100128FDF /* PBXTargetDependency */ = {
			isa = PBXTargetDependency;
			target = A688EC8C268EF55100128FDF /* Coil Extension (iOS) */;
			targetProxy = A688EC8F268EF55100128FDF /* PBXContainerItemProxy */;
		};
		A688EC9A268EF55100128FDF /* PBXTargetDependency */ = {
			isa = PBXTargetDependency;
			target = A688EC96268EF55100128FDF /* Coil Extension (macOS) */;
			targetProxy = A688EC99268EF55100128FDF /* PBXContainerItemProxy */;
		};
/* End PBXTargetDependency section */

/* Begin PBXVariantGroup section */
		A688EC61268EF55000128FDF /* Main.html */ = {
			isa = PBXVariantGroup;
			children = (
				A688EC62268EF55000128FDF /* Base */,
			);
			name = Main.html;
			sourceTree = "<group>";
		};
		A688EC75268EF55100128FDF /* LaunchScreen.storyboard */ = {
			isa = PBXVariantGroup;
			children = (
				A688EC76268EF55100128FDF /* Base */,
			);
			name = LaunchScreen.storyboard;
			sourceTree = "<group>";
		};
		A688EC78268EF55100128FDF /* Main.storyboard */ = {
			isa = PBXVariantGroup;
			children = (
				A688EC79268EF55100128FDF /* Base */,
			);
			name = Main.storyboard;
			sourceTree = "<group>";
		};
		A688EC84268EF55100128FDF /* Main.storyboard */ = {
			isa = PBXVariantGroup;
			children = (
				A688EC85268EF55100128FDF /* Base */,
			);
			name = Main.storyboard;
			sourceTree = "<group>";
		};
/* End PBXVariantGroup section */

/* Begin XCBuildConfiguration section */
		A688ECAB268EF55100128FDF /* Debug */ = {
			isa = XCBuildConfiguration;
			buildSettings = {
				ALWAYS_SEARCH_USER_PATHS = NO;
				CLANG_ANALYZER_NONNULL = YES;
				CLANG_ANALYZER_NUMBER_OBJECT_CONVERSION = YES_AGGRESSIVE;
				CLANG_CXX_LANGUAGE_STANDARD = "gnu++14";
				CLANG_CXX_LIBRARY = "libc++";
				CLANG_ENABLE_MODULES = YES;
				CLANG_ENABLE_OBJC_ARC = YES;
				CLANG_ENABLE_OBJC_WEAK = YES;
				CLANG_WARN_BLOCK_CAPTURE_AUTORELEASING = YES;
				CLANG_WARN_BOOL_CONVERSION = YES;
				CLANG_WARN_COMMA = YES;
				CLANG_WARN_CONSTANT_CONVERSION = YES;
				CLANG_WARN_DEPRECATED_OBJC_IMPLEMENTATIONS = YES;
				CLANG_WARN_DIRECT_OBJC_ISA_USAGE = YES_ERROR;
				CLANG_WARN_DOCUMENTATION_COMMENTS = YES;
				CLANG_WARN_EMPTY_BODY = YES;
				CLANG_WARN_ENUM_CONVERSION = YES;
				CLANG_WARN_INFINITE_RECURSION = YES;
				CLANG_WARN_INT_CONVERSION = YES;
				CLANG_WARN_NON_LITERAL_NULL_CONVERSION = YES;
				CLANG_WARN_OBJC_IMPLICIT_RETAIN_SELF = YES;
				CLANG_WARN_OBJC_LITERAL_CONVERSION = YES;
				CLANG_WARN_OBJC_ROOT_CLASS = YES_ERROR;
				CLANG_WARN_QUOTED_INCLUDE_IN_FRAMEWORK_HEADER = YES;
				CLANG_WARN_RANGE_LOOP_ANALYSIS = YES;
				CLANG_WARN_STRICT_PROTOTYPES = YES;
				CLANG_WARN_SUSPICIOUS_MOVE = YES;
				CLANG_WARN_UNGUARDED_AVAILABILITY = YES_AGGRESSIVE;
				CLANG_WARN_UNREACHABLE_CODE = YES;
				CLANG_WARN__DUPLICATE_METHOD_MATCH = YES;
				COPY_PHASE_STRIP = NO;
				DEBUG_INFORMATION_FORMAT = dwarf;
				ENABLE_STRICT_OBJC_MSGSEND = YES;
				ENABLE_TESTABILITY = YES;
				GCC_C_LANGUAGE_STANDARD = gnu11;
				GCC_DYNAMIC_NO_PIC = NO;
				GCC_NO_COMMON_BLOCKS = YES;
				GCC_OPTIMIZATION_LEVEL = 0;
				GCC_PREPROCESSOR_DEFINITIONS = (
					"DEBUG=1",
					"$(inherited)",
				);
				GCC_WARN_64_TO_32_BIT_CONVERSION = YES;
				GCC_WARN_ABOUT_RETURN_TYPE = YES_ERROR;
				GCC_WARN_UNDECLARED_SELECTOR = YES;
				GCC_WARN_UNINITIALIZED_AUTOS = YES_AGGRESSIVE;
				GCC_WARN_UNUSED_FUNCTION = YES;
				GCC_WARN_UNUSED_VARIABLE = YES;
				MTL_ENABLE_DEBUG_INFO = INCLUDE_SOURCE;
				MTL_FAST_MATH = YES;
				ONLY_ACTIVE_ARCH = YES;
				SWIFT_ACTIVE_COMPILATION_CONDITIONS = DEBUG;
				SWIFT_OPTIMIZATION_LEVEL = "-Onone";
			};
			name = Debug;
		};
		A688ECAC268EF55100128FDF /* Release */ = {
			isa = XCBuildConfiguration;
			buildSettings = {
				ALWAYS_SEARCH_USER_PATHS = NO;
				CLANG_ANALYZER_NONNULL = YES;
				CLANG_ANALYZER_NUMBER_OBJECT_CONVERSION = YES_AGGRESSIVE;
				CLANG_CXX_LANGUAGE_STANDARD = "gnu++14";
				CLANG_CXX_LIBRARY = "libc++";
				CLANG_ENABLE_MODULES = YES;
				CLANG_ENABLE_OBJC_ARC = YES;
				CLANG_ENABLE_OBJC_WEAK = YES;
				CLANG_WARN_BLOCK_CAPTURE_AUTORELEASING = YES;
				CLANG_WARN_BOOL_CONVERSION = YES;
				CLANG_WARN_COMMA = YES;
				CLANG_WARN_CONSTANT_CONVERSION = YES;
				CLANG_WARN_DEPRECATED_OBJC_IMPLEMENTATIONS = YES;
				CLANG_WARN_DIRECT_OBJC_ISA_USAGE = YES_ERROR;
				CLANG_WARN_DOCUMENTATION_COMMENTS = YES;
				CLANG_WARN_EMPTY_BODY = YES;
				CLANG_WARN_ENUM_CONVERSION = YES;
				CLANG_WARN_INFINITE_RECURSION = YES;
				CLANG_WARN_INT_CONVERSION = YES;
				CLANG_WARN_NON_LITERAL_NULL_CONVERSION = YES;
				CLANG_WARN_OBJC_IMPLICIT_RETAIN_SELF = YES;
				CLANG_WARN_OBJC_LITERAL_CONVERSION = YES;
				CLANG_WARN_OBJC_ROOT_CLASS = YES_ERROR;
				CLANG_WARN_QUOTED_INCLUDE_IN_FRAMEWORK_HEADER = YES;
				CLANG_WARN_RANGE_LOOP_ANALYSIS = YES;
				CLANG_WARN_STRICT_PROTOTYPES = YES;
				CLANG_WARN_SUSPICIOUS_MOVE = YES;
				CLANG_WARN_UNGUARDED_AVAILABILITY = YES_AGGRESSIVE;
				CLANG_WARN_UNREACHABLE_CODE = YES;
				CLANG_WARN__DUPLICATE_METHOD_MATCH = YES;
				COPY_PHASE_STRIP = NO;
				DEBUG_INFORMATION_FORMAT = "dwarf-with-dsym";
				ENABLE_NS_ASSERTIONS = NO;
				ENABLE_STRICT_OBJC_MSGSEND = YES;
				GCC_C_LANGUAGE_STANDARD = gnu11;
				GCC_NO_COMMON_BLOCKS = YES;
				GCC_WARN_64_TO_32_BIT_CONVERSION = YES;
				GCC_WARN_ABOUT_RETURN_TYPE = YES_ERROR;
				GCC_WARN_UNDECLARED_SELECTOR = YES;
				GCC_WARN_UNINITIALIZED_AUTOS = YES_AGGRESSIVE;
				GCC_WARN_UNUSED_FUNCTION = YES;
				GCC_WARN_UNUSED_VARIABLE = YES;
				MTL_ENABLE_DEBUG_INFO = NO;
				MTL_FAST_MATH = YES;
				SWIFT_COMPILATION_MODE = wholemodule;
				SWIFT_OPTIMIZATION_LEVEL = "-O";
			};
			name = Release;
		};
		A688ECAE268EF55100128FDF /* Debug */ = {
			isa = XCBuildConfiguration;
			buildSettings = {
				CODE_SIGN_STYLE = Automatic;
				CURRENT_PROJECT_VERSION = 1;
				DEVELOPMENT_TEAM = LGK2XW2SF3;
				GENERATE_INFOPLIST_FILE = YES;
				INFOPLIST_FILE = "iOS (Extension)/Info.plist";
				INFOPLIST_KEY_CFBundleDisplayName = "Coil Extension";
				INFOPLIST_KEY_NSHumanReadableCopyright = "";
				IPHONEOS_DEPLOYMENT_TARGET = 15.0;
				LD_RUNPATH_SEARCH_PATHS = (
					"$(inherited)",
					"@executable_path/Frameworks",
					"@executable_path/../../Frameworks",
				);
				MARKETING_VERSION = 1.0;
				PRODUCT_BUNDLE_IDENTIFIER = com.coil.safari.ios.Coil.Extension;
				PRODUCT_NAME = "Coil Extension";
				SDKROOT = iphoneos;
				SKIP_INSTALL = YES;
				SWIFT_EMIT_LOC_STRINGS = YES;
				SWIFT_VERSION = 5.0;
				TARGETED_DEVICE_FAMILY = "1,2";
			};
			name = Debug;
		};
		A688ECAF268EF55100128FDF /* Release */ = {
			isa = XCBuildConfiguration;
			buildSettings = {
				CODE_SIGN_STYLE = Automatic;
				CURRENT_PROJECT_VERSION = 1;
				DEVELOPMENT_TEAM = LGK2XW2SF3;
				GENERATE_INFOPLIST_FILE = YES;
				INFOPLIST_FILE = "iOS (Extension)/Info.plist";
				INFOPLIST_KEY_CFBundleDisplayName = "Coil Extension";
				INFOPLIST_KEY_NSHumanReadableCopyright = "";
				IPHONEOS_DEPLOYMENT_TARGET = 15.0;
				LD_RUNPATH_SEARCH_PATHS = (
					"$(inherited)",
					"@executable_path/Frameworks",
					"@executable_path/../../Frameworks",
				);
				MARKETING_VERSION = 1.0;
				PRODUCT_BUNDLE_IDENTIFIER = com.coil.safari.ios.Coil.Extension;
				PRODUCT_NAME = "Coil Extension";
				SDKROOT = iphoneos;
				SKIP_INSTALL = YES;
				SWIFT_EMIT_LOC_STRINGS = YES;
				SWIFT_VERSION = 5.0;
				TARGETED_DEVICE_FAMILY = "1,2";
				VALIDATE_PRODUCT = YES;
			};
			name = Release;
		};
		A688ECB2268EF55100128FDF /* Debug */ = {
			isa = XCBuildConfiguration;
			buildSettings = {
				ALWAYS_EMBED_SWIFT_STANDARD_LIBRARIES = YES;
				ASSETCATALOG_COMPILER_APPICON_NAME = AppIcon;
				ASSETCATALOG_COMPILER_GLOBAL_ACCENT_COLOR_NAME = AccentColor;
				CODE_SIGN_STYLE = Automatic;
				CURRENT_PROJECT_VERSION = 1;
				DEVELOPMENT_TEAM = 344JWDH2AE;
				GENERATE_INFOPLIST_FILE = YES;
				INFOPLIST_FILE = "iOS (App)/Info.plist";
				INFOPLIST_KEY_CFBundleDisplayName = Coil;
				INFOPLIST_KEY_UIApplicationSupportsIndirectInputEvents = YES;
				INFOPLIST_KEY_UILaunchStoryboardName = LaunchScreen;
				INFOPLIST_KEY_UIMainStoryboardFile = Main;
				INFOPLIST_KEY_UISupportedInterfaceOrientations = "UIInterfaceOrientationPortrait UIInterfaceOrientationLandscapeLeft UIInterfaceOrientationLandscapeRight";
				INFOPLIST_KEY_UISupportedInterfaceOrientations_iPad = "UIInterfaceOrientationPortrait UIInterfaceOrientationPortraitUpsideDown UIInterfaceOrientationLandscapeLeft UIInterfaceOrientationLandscapeRight";
				IPHONEOS_DEPLOYMENT_TARGET = 15.0;
				LD_RUNPATH_SEARCH_PATHS = (
					"$(inherited)",
					"@executable_path/Frameworks",
				);
				MARKETING_VERSION = 1.0;
				OTHER_LDFLAGS = (
					"-framework",
					WebKit,
				);
				PRODUCT_BUNDLE_IDENTIFIER = com.coil.safari.ios.Coil;
				PRODUCT_NAME = Coil;
				SDKROOT = iphoneos;
				SWIFT_EMIT_LOC_STRINGS = YES;
				SWIFT_VERSION = 5.0;
				TARGETED_DEVICE_FAMILY = "1,2";
			};
			name = Debug;
		};
		A688ECB3268EF55100128FDF /* Release */ = {
			isa = XCBuildConfiguration;
			buildSettings = {
				ALWAYS_EMBED_SWIFT_STANDARD_LIBRARIES = YES;
				ASSETCATALOG_COMPILER_APPICON_NAME = AppIcon;
				ASSETCATALOG_COMPILER_GLOBAL_ACCENT_COLOR_NAME = AccentColor;
				CODE_SIGN_STYLE = Automatic;
				CURRENT_PROJECT_VERSION = 1;
				DEVELOPMENT_TEAM = 344JWDH2AE;
				GENERATE_INFOPLIST_FILE = YES;
				INFOPLIST_FILE = "iOS (App)/Info.plist";
				INFOPLIST_KEY_CFBundleDisplayName = Coil;
				INFOPLIST_KEY_UIApplicationSupportsIndirectInputEvents = YES;
				INFOPLIST_KEY_UILaunchStoryboardName = LaunchScreen;
				INFOPLIST_KEY_UIMainStoryboardFile = Main;
				INFOPLIST_KEY_UISupportedInterfaceOrientations = "UIInterfaceOrientationPortrait UIInterfaceOrientationLandscapeLeft UIInterfaceOrientationLandscapeRight";
				INFOPLIST_KEY_UISupportedInterfaceOrientations_iPad = "UIInterfaceOrientationPortrait UIInterfaceOrientationPortraitUpsideDown UIInterfaceOrientationLandscapeLeft UIInterfaceOrientationLandscapeRight";
				IPHONEOS_DEPLOYMENT_TARGET = 15.0;
				LD_RUNPATH_SEARCH_PATHS = (
					"$(inherited)",
					"@executable_path/Frameworks",
				);
				MARKETING_VERSION = 1.0;
				OTHER_LDFLAGS = (
					"-framework",
					WebKit,
				);
				PRODUCT_BUNDLE_IDENTIFIER = com.coil.safari.ios.Coil;
				PRODUCT_NAME = Coil;
				SDKROOT = iphoneos;
				SWIFT_EMIT_LOC_STRINGS = YES;
				SWIFT_VERSION = 5.0;
				TARGETED_DEVICE_FAMILY = "1,2";
				VALIDATE_PRODUCT = YES;
			};
			name = Release;
		};
		A688ECB5268EF55100128FDF /* Debug */ = {
			isa = XCBuildConfiguration;
			buildSettings = {
				CODE_SIGN_IDENTITY = "-";
				CODE_SIGN_STYLE = Automatic;
				CURRENT_PROJECT_VERSION = 1;
				ENABLE_APP_SANDBOX = YES;
				ENABLE_HARDENED_RUNTIME = YES;
				ENABLE_USER_SELECTED_FILES = readonly;
				GENERATE_INFOPLIST_FILE = YES;
				INFOPLIST_FILE = "macOS (Extension)/Info.plist";
				INFOPLIST_KEY_CFBundleDisplayName = "Coil Extension";
				INFOPLIST_KEY_NSHumanReadableCopyright = "";
				LD_RUNPATH_SEARCH_PATHS = (
					"$(inherited)",
					"@executable_path/../Frameworks",
					"@executable_path/../../../../Frameworks",
				);
				MACOSX_DEPLOYMENT_TARGET = 10.14;
				MARKETING_VERSION = 1.0;
				PRODUCT_BUNDLE_IDENTIFIER = com.coil.safari.Coil.Extension;
				PRODUCT_NAME = "Coil Extension";
				SDKROOT = macosx;
				SKIP_INSTALL = YES;
				SWIFT_EMIT_LOC_STRINGS = YES;
				SWIFT_VERSION = 5.0;
			};
			name = Debug;
		};
		A688ECB6268EF55100128FDF /* Release */ = {
			isa = XCBuildConfiguration;
			buildSettings = {
				CODE_SIGN_IDENTITY = "-";
				CODE_SIGN_STYLE = Automatic;
				CURRENT_PROJECT_VERSION = 1;
				ENABLE_APP_SANDBOX = YES;
				ENABLE_HARDENED_RUNTIME = YES;
				ENABLE_USER_SELECTED_FILES = readonly;
				GENERATE_INFOPLIST_FILE = YES;
				INFOPLIST_FILE = "macOS (Extension)/Info.plist";
				INFOPLIST_KEY_CFBundleDisplayName = "Coil Extension";
				INFOPLIST_KEY_NSHumanReadableCopyright = "";
				LD_RUNPATH_SEARCH_PATHS = (
					"$(inherited)",
					"@executable_path/../Frameworks",
					"@executable_path/../../../../Frameworks",
				);
				MACOSX_DEPLOYMENT_TARGET = 10.14;
				MARKETING_VERSION = 1.0;
				PRODUCT_BUNDLE_IDENTIFIER = com.coil.safari.Coil.Extension;
				PRODUCT_NAME = "Coil Extension";
				SDKROOT = macosx;
				SKIP_INSTALL = YES;
				SWIFT_EMIT_LOC_STRINGS = YES;
				SWIFT_VERSION = 5.0;
			};
			name = Release;
		};
		A688ECB9268EF55100128FDF /* Debug */ = {
			isa = XCBuildConfiguration;
			buildSettings = {
				ALWAYS_EMBED_SWIFT_STANDARD_LIBRARIES = YES;
				ASSETCATALOG_COMPILER_APPICON_NAME = AppIcon;
				ASSETCATALOG_COMPILER_GLOBAL_ACCENT_COLOR_NAME = AccentColor;
				CODE_SIGN_ENTITLEMENTS = "macOS (App)/Coil.entitlements";
				CODE_SIGN_IDENTITY = "-";
				CODE_SIGN_STYLE = Automatic;
				CURRENT_PROJECT_VERSION = 1;
				ENABLE_APP_SANDBOX = YES;
				ENABLE_HARDENED_RUNTIME = YES;
				ENABLE_USER_SELECTED_FILES = readonly;
				GENERATE_INFOPLIST_FILE = YES;
				INFOPLIST_FILE = "macOS (App)/Info.plist";
				INFOPLIST_KEY_CFBundleDisplayName = Coil;
				INFOPLIST_KEY_NSMainStoryboardFile = Main;
				INFOPLIST_KEY_NSPrincipalClass = NSApplication;
				LD_RUNPATH_SEARCH_PATHS = (
					"$(inherited)",
					"@executable_path/../Frameworks",
				);
				MACOSX_DEPLOYMENT_TARGET = 10.14;
				MARKETING_VERSION = 1.0;
				OTHER_LDFLAGS = (
					"-framework",
					WebKit,
				);
				PRODUCT_BUNDLE_IDENTIFIER = com.coil.safari.Coil;
				PRODUCT_NAME = Coil;
				SDKROOT = macosx;
				SWIFT_EMIT_LOC_STRINGS = YES;
				SWIFT_VERSION = 5.0;
			};
			name = Debug;
		};
		A688ECBA268EF55100128FDF /* Release */ = {
			isa = XCBuildConfiguration;
			buildSettings = {
				ALWAYS_EMBED_SWIFT_STANDARD_LIBRARIES = YES;
				ASSETCATALOG_COMPILER_APPICON_NAME = AppIcon;
				ASSETCATALOG_COMPILER_GLOBAL_ACCENT_COLOR_NAME = AccentColor;
				CODE_SIGN_ENTITLEMENTS = "macOS (App)/Coil.entitlements";
				CODE_SIGN_IDENTITY = "-";
				CODE_SIGN_STYLE = Automatic;
				CURRENT_PROJECT_VERSION = 1;
				ENABLE_APP_SANDBOX = YES;
				ENABLE_HARDENED_RUNTIME = YES;
				ENABLE_USER_SELECTED_FILES = readonly;
				GENERATE_INFOPLIST_FILE = YES;
				INFOPLIST_FILE = "macOS (App)/Info.plist";
				INFOPLIST_KEY_CFBundleDisplayName = Coil;
				INFOPLIST_KEY_NSMainStoryboardFile = Main;
				INFOPLIST_KEY_NSPrincipalClass = NSApplication;
				LD_RUNPATH_SEARCH_PATHS = (
					"$(inherited)",
					"@executable_path/../Frameworks",
				);
				MACOSX_DEPLOYMENT_TARGET = 10.14;
				MARKETING_VERSION = 1.0;
				OTHER_LDFLAGS = (
					"-framework",
					WebKit,
				);
				PRODUCT_BUNDLE_IDENTIFIER = com.coil.safari.Coil;
				PRODUCT_NAME = Coil;
				SDKROOT = macosx;
				SWIFT_EMIT_LOC_STRINGS = YES;
				SWIFT_VERSION = 5.0;
			};
			name = Release;
		};
/* End XCBuildConfiguration section */

/* Begin XCConfigurationList section */
		A688EC5E268EF55000128FDF /* Build configuration list for PBXProject "Coil" */ = {
			isa = XCConfigurationList;
			buildConfigurations = (
				A688ECAB268EF55100128FDF /* Debug */,
				A688ECAC268EF55100128FDF /* Release */,
			);
			defaultConfigurationIsVisible = 0;
			defaultConfigurationName = Release;
		};
		A688ECAD268EF55100128FDF /* Build configuration list for PBXNativeTarget "Coil Extension (iOS)" */ = {
			isa = XCConfigurationList;
			buildConfigurations = (
				A688ECAE268EF55100128FDF /* Debug */,
				A688ECAF268EF55100128FDF /* Release */,
			);
			defaultConfigurationIsVisible = 0;
			defaultConfigurationName = Release;
		};
		A688ECB1268EF55100128FDF /* Build configuration list for PBXNativeTarget "Coil (iOS)" */ = {
			isa = XCConfigurationList;
			buildConfigurations = (
				A688ECB2268EF55100128FDF /* Debug */,
				A688ECB3268EF55100128FDF /* Release */,
			);
			defaultConfigurationIsVisible = 0;
			defaultConfigurationName = Release;
		};
		A688ECB4268EF55100128FDF /* Build configuration list for PBXNativeTarget "Coil Extension (macOS)" */ = {
			isa = XCConfigurationList;
			buildConfigurations = (
				A688ECB5268EF55100128FDF /* Debug */,
				A688ECB6268EF55100128FDF /* Release */,
			);
			defaultConfigurationIsVisible = 0;
			defaultConfigurationName = Release;
		};
		A688ECB8268EF55100128FDF /* Build configuration list for PBXNativeTarget "Coil (macOS)" */ = {
			isa = XCConfigurationList;
			buildConfigurations = (
				A688ECB9268EF55100128FDF /* Debug */,
				A688ECBA268EF55100128FDF /* Release */,
			);
			defaultConfigurationIsVisible = 0;
			defaultConfigurationName = Release;
		};
/* End XCConfigurationList section */
	};
	rootObject = A688EC5B268EF55000128FDF /* Project object */;
}
